
Microsoft Visual Studio Solution File, Format Version 12.00
Project("{FAE04EC0-301F-11D3-BF4B-00C04F79EFBC}") = "AdventOfCode2023.Console", "AdventOfCode2023.Console\AdventOfCode2023.Console.csproj", "{EDFE7149-A175-44D0-A13D-87EF14D30845}"
EndProject
Project("{FAE04EC0-301F-11D3-BF4B-00C04F79EFBC}") = "AdventOfCode2023.Application", "AdventOfCode2023.Application\AdventOfCode2023.Application.csproj", "{708AF099-836E-4F19-A603-30EFCDF078F4}"
EndProject
Project("{FAE04EC0-301F-11D3-BF4B-00C04F79EFBC}") = "AdventOfCode2023.Benchmark", "AdventOfCode2023.Benchmark\AdventOfCode2023.Benchmark.csproj", "{5595245D-65A1-45A0-91F0-D7441C6DEADA}"
EndProject
Global
	GlobalSection(SolutionConfigurationPlatforms) = preSolution
		Debug|Any CPU = Debug|Any CPU
		Release|Any CPU = Release|Any CPU
	EndGlobalSection
	GlobalSection(ProjectConfigurationPlatforms) = postSolution
		{EDFE7149-A175-44D0-A13D-87EF14D30845}.Debug|Any CPU.ActiveCfg = Debug|Any CPU
		{EDFE7149-A175-44D0-A13D-87EF14D30845}.Debug|Any CPU.Build.0 = Debug|Any CPU
		{EDFE7149-A175-44D0-A13D-87EF14D30845}.Release|Any CPU.ActiveCfg = Release|Any CPU
		{EDFE7149-A175-44D0-A13D-87EF14D30845}.Release|Any CPU.Build.0 = Release|Any CPU
		{708AF099-836E-4F19-A603-30EFCDF078F4}.Debug|Any CPU.ActiveCfg = Debug|Any CPU
		{708AF099-836E-4F19-A603-30EFCDF078F4}.Debug|Any CPU.Build.0 = Debug|Any CPU
		{708AF099-836E-4F19-A603-30EFCDF078F4}.Release|Any CPU.ActiveCfg = Release|Any CPU
		{708AF099-836E-4F19-A603-30EFCDF078F4}.Release|Any CPU.Build.0 = Release|Any CPU
		{5595245D-65A1-45A0-91F0-D7441C6DEADA}.Debug|Any CPU.ActiveCfg = Debug|Any CPU
		{5595245D-65A1-45A0-91F0-D7441C6DEADA}.Debug|Any CPU.Build.0 = Debug|Any CPU
		{5595245D-65A1-45A0-91F0-D7441C6DEADA}.Release|Any CPU.ActiveCfg = Release|Any CPU
		{5595245D-65A1-45A0-91F0-D7441C6DEADA}.Release|Any CPU.Build.0 = Release|Any CPU
	EndGlobalSection
EndGlobal
